
Microsoft Visual Studio Solution File, Format Version 12.00
# Visual Studio 2012
Project("{FAE04EC0-301F-11D3-BF4B-00C04F79EFBC}") = "LIS.Entities", "DA\LIS.Entities.csproj", "{413AB2F1-C87C-453A-B13A-74D2D5EFAB57}"
EndProject
Project("{2150E333-8FDC-42A3-9474-1A3956D46DE8}") = "DAL", "DAL", "{BAB6E1F2-8821-4DE1-BC0F-02986DB90D65}"
EndProject
Project("{2150E333-8FDC-42A3-9474-1A3956D46DE8}") = "BLL", "BLL", "{0D1A9778-1AF1-425D-82B7-B6FF7B2523FF}"
EndProject
Project("{2150E333-8FDC-42A3-9474-1A3956D46DE8}") = "UIL", "UIL", "{55818B80-1167-442D-8545-27434681B3A0}"
EndProject
Project("{FAE04EC0-301F-11D3-BF4B-00C04F79EFBC}") = "LibraryIS_WinForm", "LibraryIS_WinForm\LibraryIS_WinForm.csproj", "{FD8F918F-4793-4BDA-9F06-1B73D9E50BE1}"
EndProject
Project("{FAE04EC0-301F-11D3-BF4B-00C04F79EFBC}") = "LIS.DataMappersMySQL", "LIS.DataMappersSQL\LIS.DataMappersMySQL.csproj", "{A9E43EC1-3699-4DBC-9A67-372192D4660F}"
EndProject
Project("{FAE04EC0-301F-11D3-BF4B-00C04F79EFBC}") = "LIS.Services", "LIS.Services\LIS.Services.csproj", "{7CEFA60A-538D-4BC1-B407-5D38CE92A22A}"
EndProject
Project("{FAE04EC0-301F-11D3-BF4B-00C04F79EFBC}") = "LIS.MapperLogic", "LIS.MapperLogic\LIS.MapperLogic.csproj", "{941C5D1E-6C69-456F-8B91-A07DAA2D0A94}"
EndProject
Project("{FAE04EC0-301F-11D3-BF4B-00C04F79EFBC}") = "LIS.DAO", "LIS.DataMappers\LIS.DAO.csproj", "{1F0502B0-E7BD-492A-88A4-95F66B3DEE8C}"
EndProject
Project("{FAE04EC0-301F-11D3-BF4B-00C04F79EFBC}") = "LibraryIS_Console", "LibraryIS_Console\LibraryIS_Console.csproj", "{2C18CC3E-AC18-4D77-830C-1E170BFE03F3}"
EndProject
Global
	GlobalSection(SolutionConfigurationPlatforms) = preSolution
		Debug|Any CPU = Debug|Any CPU
		Release|Any CPU = Release|Any CPU
	EndGlobalSection
	GlobalSection(ProjectConfigurationPlatforms) = postSolution
		{413AB2F1-C87C-453A-B13A-74D2D5EFAB57}.Debug|Any CPU.ActiveCfg = Debug|Any CPU
		{413AB2F1-C87C-453A-B13A-74D2D5EFAB57}.Debug|Any CPU.Build.0 = Debug|Any CPU
		{413AB2F1-C87C-453A-B13A-74D2D5EFAB57}.Release|Any CPU.ActiveCfg = Release|Any CPU
		{413AB2F1-C87C-453A-B13A-74D2D5EFAB57}.Release|Any CPU.Build.0 = Release|Any CPU
		{FD8F918F-4793-4BDA-9F06-1B73D9E50BE1}.Debug|Any CPU.ActiveCfg = Debug|Any CPU
		{FD8F918F-4793-4BDA-9F06-1B73D9E50BE1}.Debug|Any CPU.Build.0 = Debug|Any CPU
		{FD8F918F-4793-4BDA-9F06-1B73D9E50BE1}.Release|Any CPU.ActiveCfg = Release|Any CPU
		{FD8F918F-4793-4BDA-9F06-1B73D9E50BE1}.Release|Any CPU.Build.0 = Release|Any CPU
		{A9E43EC1-3699-4DBC-9A67-372192D4660F}.Debug|Any CPU.ActiveCfg = Debug|Any CPU
		{A9E43EC1-3699-4DBC-9A67-372192D4660F}.Debug|Any CPU.Build.0 = Debug|Any CPU
		{A9E43EC1-3699-4DBC-9A67-372192D4660F}.Release|Any CPU.ActiveCfg = Release|Any CPU
		{A9E43EC1-3699-4DBC-9A67-372192D4660F}.Release|Any CPU.Build.0 = Release|Any CPU
		{7CEFA60A-538D-4BC1-B407-5D38CE92A22A}.Debug|Any CPU.ActiveCfg = Debug|Any CPU
		{7CEFA60A-538D-4BC1-B407-5D38CE92A22A}.Debug|Any CPU.Build.0 = Debug|Any CPU
		{7CEFA60A-538D-4BC1-B407-5D38CE92A22A}.Release|Any CPU.ActiveCfg = Release|Any CPU
		{7CEFA60A-538D-4BC1-B407-5D38CE92A22A}.Release|Any CPU.Build.0 = Release|Any CPU
		{941C5D1E-6C69-456F-8B91-A07DAA2D0A94}.Debug|Any CPU.ActiveCfg = Debug|Any CPU
		{941C5D1E-6C69-456F-8B91-A07DAA2D0A94}.Debug|Any CPU.Build.0 = Debug|Any CPU
		{941C5D1E-6C69-456F-8B91-A07DAA2D0A94}.Release|Any CPU.ActiveCfg = Release|Any CPU
		{941C5D1E-6C69-456F-8B91-A07DAA2D0A94}.Release|Any CPU.Build.0 = Release|Any CPU
		{1F0502B0-E7BD-492A-88A4-95F66B3DEE8C}.Debug|Any CPU.ActiveCfg = Debug|Any CPU
		{1F0502B0-E7BD-492A-88A4-95F66B3DEE8C}.Debug|Any CPU.Build.0 = Debug|Any CPU
		{1F0502B0-E7BD-492A-88A4-95F66B3DEE8C}.Release|Any CPU.ActiveCfg = Release|Any CPU
		{1F0502B0-E7BD-492A-88A4-95F66B3DEE8C}.Release|Any CPU.Build.0 = Release|Any CPU
		{2C18CC3E-AC18-4D77-830C-1E170BFE03F3}.Debug|Any CPU.ActiveCfg = Debug|Any CPU
		{2C18CC3E-AC18-4D77-830C-1E170BFE03F3}.Debug|Any CPU.Build.0 = Debug|Any CPU
		{2C18CC3E-AC18-4D77-830C-1E170BFE03F3}.Release|Any CPU.ActiveCfg = Release|Any CPU
		{2C18CC3E-AC18-4D77-830C-1E170BFE03F3}.Release|Any CPU.Build.0 = Release|Any CPU
	EndGlobalSection
	GlobalSection(SolutionProperties) = preSolution
		HideSolutionNode = FALSE
	EndGlobalSection
	GlobalSection(NestedProjects) = preSolution
		{413AB2F1-C87C-453A-B13A-74D2D5EFAB57} = {BAB6E1F2-8821-4DE1-BC0F-02986DB90D65}
		{A9E43EC1-3699-4DBC-9A67-372192D4660F} = {BAB6E1F2-8821-4DE1-BC0F-02986DB90D65}
		{1F0502B0-E7BD-492A-88A4-95F66B3DEE8C} = {BAB6E1F2-8821-4DE1-BC0F-02986DB90D65}
		{7CEFA60A-538D-4BC1-B407-5D38CE92A22A} = {0D1A9778-1AF1-425D-82B7-B6FF7B2523FF}
		{941C5D1E-6C69-456F-8B91-A07DAA2D0A94} = {0D1A9778-1AF1-425D-82B7-B6FF7B2523FF}
		{FD8F918F-4793-4BDA-9F06-1B73D9E50BE1} = {55818B80-1167-442D-8545-27434681B3A0}
		{2C18CC3E-AC18-4D77-830C-1E170BFE03F3} = {55818B80-1167-442D-8545-27434681B3A0}
	EndGlobalSection
EndGlobal
